<?xml version="1.0" encoding="utf-8"?>
<Project ToolsVersion="4.0" xmlns="http://schemas.microsoft.com/developer/msbuild/2003">
  <ItemGroup>
    <Filter Include="Source Files">
      <UniqueIdentifier>{4FC737F1-C7A5-4376-A066-2A32D752A2FF}</UniqueIdentifier>
      <Extensions>cpp;c;cc;cxx;def;odl;idl;hpj;bat;asm;asmx</Extensions>
    </Filter>
    <Filter Include="Source Files\Engine">
      <UniqueIdentifier>{ccdbdf11-c381-4f92-bf67-ba05fce45ca0}</UniqueIdentifier>
    </Filter>
    <Filter Include="Source Files\Engine\Public">
      <UniqueIdentifier>{75c2830e-ea9b-4f39-a9f0-30582628d811}</UniqueIdentifier>
    </Filter>
    <Filter Include="Source Files\Game">
      <UniqueIdentifier>{3f73a39c-59f6-4cb6-a0b8-d251275c643c}</UniqueIdentifier>
    </Filter>
    <Filter Include="Source Files\Game\Public">
      <UniqueIdentifier>{6dcd4022-feb1-45d9-a4a5-3b9cee46ecd8}</UniqueIdentifier>
    </Filter>
    <Filter Include="Source Files\Game\Private">
      <UniqueIdentifier>{9e4c503e-26a9-484b-be5c-d94f35576fc3}</UniqueIdentifier>
    </Filter>
  </ItemGroup>
  <ItemGroup>
    <ClInclude Include="Engine\Public\EngineInterface.h">
      <Filter>Source Files\Engine\Public</Filter>
    </ClInclude>
    <ClInclude Include="Engine\Public\EngineTypes.h">
      <Filter>Source Files\Engine\Public</Filter>
    </ClInclude>
    <ClInclude Include="Game\Public\GameInterface.h">
      <Filter>Source Files\Game\Public</Filter>
    </ClInclude>
    <ClInclude Include="Engine\Public\SDL.h">
      <Filter>Source Files\Engine\Public</Filter>
    </ClInclude>
    <ClInclude Include="Engine\Colliders\BoxColliderComponent.h" />
    <ClInclude Include="Engine\Colliders\CircleColliderComponent.h" />
    <ClInclude Include="Engine\Colliders\ColliderComponent.h" />
    <ClInclude Include="Engine\GameFramework\GameObject.h" />
    <ClInclude Include="Engine\Components\Rendering\BoxRenderComponent.h" />
    <ClInclude Include="Engine\Components\Rendering\CircleRenderComponent.h" />
    <ClInclude Include="Engine\Components\Rendering\LineBoxRenderComponent.h" />
    <ClInclude Include="Engine\Components\Rendering\LineCircleRenderComponent.h" />
    <ClInclude Include="Engine\Components\Rendering\LineRenderComponent.h" />
    <ClInclude Include="Engine\Components\Rendering\RenderingComponent.h" />
    <ClInclude Include="Engine\Components\Rendering\TextRenderComponent.h" />
    <ClInclude Include="Engine\Components\Component.h" />
    <ClInclude Include="Engine\Components\Transform.h" />
    <ClInclude Include="Engine\Components\PhysicsComponent.h" />
    <ClInclude Include="Engine\Public\State.h" />
    <ClInclude Include="Engine\Components\StateMachineComponent.h" />
    <ClInclude Include="Engine\Managers\CollisionEngine.h" />
    <ClInclude Include="Engine\Managers\Random.h" />
    <ClInclude Include="Game\Components\HealthComponent.h" />
    <ClInclude Include="Game\Components\ScoreComponent.h" />
    <ClInclude Include="Game\Components\SpawnerComponent.h" />
    <ClInclude Include="Game\Private\Player.h" />
    <ClInclude Include="Game\Private\Food.h" />
    <ClInclude Include="Game\Private\Enemy.h" />
    <ClInclude Include="Engine\Managers\World.h" />
    <ClInclude Include="Engine\Public\EpicenterMath.h" />
    <ClInclude Include="Game\Private\UI.h" />
  </ItemGroup>
  <ItemGroup>
    <ClCompile Include="Game\Private\Main.cpp">
      <Filter>Source Files\Game\Private</Filter>
    </ClCompile>
    <ClCompile Include="Game\Private\Game.cpp">
      <Filter>Source Files\Game\Private</Filter>
    </ClCompile>
    <ClCompile Include="Engine\Components\Component.cpp">
      <Filter>Source Files</Filter>
    </ClCompile>
    <ClCompile Include="Engine\Managers\RenderingEngine.cpp">
      <Filter>Source Files</Filter>
    </ClCompile>
    <ClCompile Include="Engine\Managers\GameObjectManager.cpp">
      <Filter>Source Files</Filter>
    </ClCompile>
    <ClCompile Include="Engine\Managers\PhysicsEngine.cpp">
      <Filter>Source Files</Filter>
    </ClCompile>
    <ClCompile Include="Engine\GameFramework\GameObject.cpp">
      <Filter>Source Files</Filter>
    </ClCompile>
    <ClCompile Include="Engine\Components\PhysicsComponent.cpp">
      <Filter>Source Files</Filter>
    </ClCompile>
    <ClCompile Include="Engine\Components\Transform.cpp">
      <Filter>Source Files</Filter>
    </ClCompile>
    <ClCompile Include="Engine\Components\Rendering\BoxRenderComponent.cpp">
      <Filter>Source Files</Filter>
    </ClCompile>
    <ClCompile Include="Engine\Components\Rendering\CircleRenderComponent.cpp">
      <Filter>Source Files</Filter>
    </ClCompile>
    <ClCompile Include="Engine\Components\Rendering\RenderingComponent.cpp">
      <Filter>Source Files</Filter>
    </ClCompile>
    <ClCompile Include="Engine\Components\Rendering\LineRenderComponent.cpp">
      <Filter>Source Files</Filter>
    </ClCompile>
    <ClCompile Include="Engine\Components\Rendering\LineBoxRenderComponent.cpp">
      <Filter>Source Files</Filter>
    </ClCompile>
    <ClCompile Include="Engine\Components\Rendering\LineCircleRenderComponent.cpp">
      <Filter>Source Files</Filter>
    </ClCompile>
    <ClCompile Include="Engine\Components\Rendering\TextRenderComponent.cpp">
      <Filter>Source Files</Filter>
    </ClCompile>
    <ClCompile Include="Engine\Colliders\BoxColliderComponent.cpp">
      <Filter>Source Files</Filter>
    </ClCompile>
    <ClCompile Include="Engine\Colliders\CircleColliderComponent.cpp">
      <Filter>Source Files</Filter>
    </ClCompile>
    <ClCompile Include="Engine\Colliders\ColliderComponent.cpp">
      <Filter>Source Files</Filter>
    </ClCompile>
    <ClCompile Include="Engine\Components\StateMachineComponent.cpp">
      <Filter>Source Files</Filter>
    </ClCompile>
    <ClCompile Include="Engine\Managers\CollisionEngine.cpp">
      <Filter>Source Files</Filter>
    </ClCompile>
    <ClCompile Include="Engine\Managers\Random.cpp">
      <Filter>Source Files</Filter>
    </ClCompile>
    <ClCompile Include="Game\Components\HealthComponent.cpp">
      <Filter>Source Files</Filter>
    </ClCompile>
    <ClCompile Include="Game\Components\ScoreComponent.cpp">
      <Filter>Source Files</Filter>
    </ClCompile>
    <ClCompile Include="Game\Components\SpawnerComponent.cpp">
      <Filter>Source Files</Filter>
    </ClCompile>
    <ClCompile Include="Game\Private\Player.cpp">
      <Filter>Source Files</Filter>
    </ClCompile>
    <ClCompile Include="Game\Private\Food.cpp">
      <Filter>Source Files</Filter>
    </ClCompile>
    <ClCompile Include="Game\Private\Enemy.cpp">
      <Filter>Source Files</Filter>
    </ClCompile>
    <ClCompile Include="Engine\Managers\World.cpp">
      <Filter>Source Files</Filter>
    </ClCompile>
    <ClCompile Include="Game\Private\UI.cpp">
      <Filter>Source Files</Filter>
    </ClCompile>
  </ItemGroup>
</Project>